
Microsoft Visual Studio Solution File, Format Version 12.00
# Visual Studio Version 17
VisualStudioVersion = 17.1.32228.430
MinimumVisualStudioVersion = 10.0.40219.1
Project("{FAE04EC0-301F-11D3-BF4B-00C04F79EFBC}") = "seller-shop.Main", "seller-shop.Main\seller-shop.Main.csproj", "{1C192696-4716-438C-A11B-AC3C8E2312D2}"
EndProject
Project("{FAE04EC0-301F-11D3-BF4B-00C04F79EFBC}") = "seller-shop.Data", "seller-shop.Data\seller-shop.Data.csproj", "{D1FD1AFD-45C3-4103-81EC-55162D000D7A}"
EndProject
Project("{FAE04EC0-301F-11D3-BF4B-00C04F79EFBC}") = "seller-shop.Core", "seller-shop.Core\seller-shop.Core.csproj", "{11CB0402-5A5C-4BFD-A8A1-6EF6B3086B79}"
EndProject
Project("{2150E333-8FDC-42A3-9474-1A3956D46DE8}") = "Solution Items", "Solution Items", "{CF012FAC-25EF-4157-B60C-2E7ED0EAB0F9}"
	ProjectSection(SolutionItems) = preProject
		.gitignore = .gitignore
	EndProjectSection
EndProject
Global
	GlobalSection(SolutionConfigurationPlatforms) = preSolution
		Debug|Any CPU = Debug|Any CPU
		Release|Any CPU = Release|Any CPU
	EndGlobalSection
	GlobalSection(ProjectConfigurationPlatforms) = postSolution
		{1C192696-4716-438C-A11B-AC3C8E2312D2}.Debug|Any CPU.ActiveCfg = Debug|Any CPU
		{1C192696-4716-438C-A11B-AC3C8E2312D2}.Debug|Any CPU.Build.0 = Debug|Any CPU
		{1C192696-4716-438C-A11B-AC3C8E2312D2}.Release|Any CPU.ActiveCfg = Release|Any CPU
		{1C192696-4716-438C-A11B-AC3C8E2312D2}.Release|Any CPU.Build.0 = Release|Any CPU
		{D1FD1AFD-45C3-4103-81EC-55162D000D7A}.Debug|Any CPU.ActiveCfg = Debug|Any CPU
		{D1FD1AFD-45C3-4103-81EC-55162D000D7A}.Debug|Any CPU.Build.0 = Debug|Any CPU
		{D1FD1AFD-45C3-4103-81EC-55162D000D7A}.Release|Any CPU.ActiveCfg = Release|Any CPU
		{D1FD1AFD-45C3-4103-81EC-55162D000D7A}.Release|Any CPU.Build.0 = Release|Any CPU
		{11CB0402-5A5C-4BFD-A8A1-6EF6B3086B79}.Debug|Any CPU.ActiveCfg = Debug|Any CPU
		{11CB0402-5A5C-4BFD-A8A1-6EF6B3086B79}.Debug|Any CPU.Build.0 = Debug|Any CPU
		{11CB0402-5A5C-4BFD-A8A1-6EF6B3086B79}.Release|Any CPU.ActiveCfg = Release|Any CPU
		{11CB0402-5A5C-4BFD-A8A1-6EF6B3086B79}.Release|Any CPU.Build.0 = Release|Any CPU
	EndGlobalSection
	GlobalSection(SolutionProperties) = preSolution
		HideSolutionNode = FALSE
	EndGlobalSection
	GlobalSection(ExtensibilityGlobals) = postSolution
		SolutionGuid = {62314507-7E71-425B-AC2B-2A837055EFB0}
	EndGlobalSection
EndGlobal
